// !$*UTF8*$!
{
	archiveVersion = 1;
	classes = {
	};
	objectVersion = 55;
	objects = {

/* Begin PBXBuildFile section */
		130217CC2D81C55E0011EFF5 /* DownloadView.swift in Sources */ = {isa = PBXBuildFile; fileRef = 130217CB2D81C55E0011EFF5 /* DownloadView.swift */; };
		130C6BFA2D53AB1F00DC1432 /* SettingsViewData.swift in Sources */ = {isa = PBXBuildFile; fileRef = 130C6BF92D53AB1F00DC1432 /* SettingsViewData.swift */; };
		13103E892D58A39A000F0673 /* AniListItem.swift in Sources */ = {isa = PBXBuildFile; fileRef = 13103E882D58A39A000F0673 /* AniListItem.swift */; };
		13103E8B2D58E028000F0673 /* View.swift in Sources */ = {isa = PBXBuildFile; fileRef = 13103E8A2D58E028000F0673 /* View.swift */; };
		13103E8E2D58E04A000F0673 /* SkeletonCell.swift in Sources */ = {isa = PBXBuildFile; fileRef = 13103E8D2D58E04A000F0673 /* SkeletonCell.swift */; };
		131845F92D47C62D00CA7A54 /* SettingsViewGeneral.swift in Sources */ = {isa = PBXBuildFile; fileRef = 131845F82D47C62D00CA7A54 /* SettingsViewGeneral.swift */; };
		1327FBA72D758CEA00FC6689 /* Analytics.swift in Sources */ = {isa = PBXBuildFile; fileRef = 1327FBA62D758CEA00FC6689 /* Analytics.swift */; };
		1327FBA92D758DEA00FC6689 /* UIDevice+Model.swift in Sources */ = {isa = PBXBuildFile; fileRef = 1327FBA82D758DEA00FC6689 /* UIDevice+Model.swift */; };
		1334FF4D2D786C93007E289F /* TMDB-Seasonal.swift in Sources */ = {isa = PBXBuildFile; fileRef = 1334FF4C2D786C93007E289F /* TMDB-Seasonal.swift */; };
		1334FF4F2D786C9E007E289F /* TMDB-Trending.swift in Sources */ = {isa = PBXBuildFile; fileRef = 1334FF4E2D786C9E007E289F /* TMDB-Trending.swift */; };
		1334FF522D7871B7007E289F /* TMDBItem.swift in Sources */ = {isa = PBXBuildFile; fileRef = 1334FF512D7871B7007E289F /* TMDBItem.swift */; };
		1334FF542D787217007E289F /* TMDBRequest.swift in Sources */ = {isa = PBXBuildFile; fileRef = 1334FF532D787217007E289F /* TMDBRequest.swift */; };
		133D7C6E2D2BE2500075467E /* SoraApp.swift in Sources */ = {isa = PBXBuildFile; fileRef = 133D7C6D2D2BE2500075467E /* SoraApp.swift */; };
		133D7C702D2BE2500075467E /* ContentView.swift in Sources */ = {isa = PBXBuildFile; fileRef = 133D7C6F2D2BE2500075467E /* ContentView.swift */; };
		133D7C722D2BE2520075467E /* Assets.xcassets in Resources */ = {isa = PBXBuildFile; fileRef = 133D7C712D2BE2520075467E /* Assets.xcassets */; };
		133D7C752D2BE2520075467E /* Preview Assets.xcassets in Resources */ = {isa = PBXBuildFile; fileRef = 133D7C742D2BE2520075467E /* Preview Assets.xcassets */; };
		133D7C8C2D2BE2640075467E /* SearchView.swift in Sources */ = {isa = PBXBuildFile; fileRef = 133D7C7C2D2BE2630075467E /* SearchView.swift */; };
		133D7C8E2D2BE2640075467E /* LibraryView.swift in Sources */ = {isa = PBXBuildFile; fileRef = 133D7C7E2D2BE2630075467E /* LibraryView.swift */; };
		133D7C8F2D2BE2640075467E /* MediaInfoView.swift in Sources */ = {isa = PBXBuildFile; fileRef = 133D7C802D2BE2630075467E /* MediaInfoView.swift */; };
		133D7C902D2BE2640075467E /* SettingsView.swift in Sources */ = {isa = PBXBuildFile; fileRef = 133D7C822D2BE2630075467E /* SettingsView.swift */; };
		133D7C912D2BE2640075467E /* SettingsViewModule.swift in Sources */ = {isa = PBXBuildFile; fileRef = 133D7C842D2BE2630075467E /* SettingsViewModule.swift */; };
		133D7C922D2BE2640075467E /* URLSession.swift in Sources */ = {isa = PBXBuildFile; fileRef = 133D7C872D2BE2640075467E /* URLSession.swift */; };
		133D7C932D2BE2640075467E /* Modules.swift in Sources */ = {isa = PBXBuildFile; fileRef = 133D7C892D2BE2640075467E /* Modules.swift */; };
		133D7C942D2BE2640075467E /* JSController.swift in Sources */ = {isa = PBXBuildFile; fileRef = 133D7C8B2D2BE2640075467E /* JSController.swift */; };
		133F55BB2D33B55100E08EEA /* LibraryManager.swift in Sources */ = {isa = PBXBuildFile; fileRef = 133F55BA2D33B55100E08EEA /* LibraryManager.swift */; };
		1359ED142D76F49900C13034 /* finTopView.swift in Sources */ = {isa = PBXBuildFile; fileRef = 1359ED132D76F49900C13034 /* finTopView.swift */; };
		135CCBE22D4D1138008B9C0E /* SettingsViewPlayer.swift in Sources */ = {isa = PBXBuildFile; fileRef = 135CCBE12D4D1138008B9C0E /* SettingsViewPlayer.swift */; };
		138AA1B82D2D66FD0021F9DF /* EpisodeCell.swift in Sources */ = {isa = PBXBuildFile; fileRef = 138AA1B62D2D66FD0021F9DF /* EpisodeCell.swift */; };
		138AA1B92D2D66FD0021F9DF /* CircularProgressBar.swift in Sources */ = {isa = PBXBuildFile; fileRef = 138AA1B72D2D66FD0021F9DF /* CircularProgressBar.swift */; };
		139935662D468C450065CEFF /* ModuleManager.swift in Sources */ = {isa = PBXBuildFile; fileRef = 139935652D468C450065CEFF /* ModuleManager.swift */; };
		1399FAD42D3AB38C00E97C31 /* SettingsViewLogger.swift in Sources */ = {isa = PBXBuildFile; fileRef = 1399FAD32D3AB38C00E97C31 /* SettingsViewLogger.swift */; };
		1399FAD62D3AB3DB00E97C31 /* Logger.swift in Sources */ = {isa = PBXBuildFile; fileRef = 1399FAD52D3AB3DB00E97C31 /* Logger.swift */; };
		13B7F4C12D58FFDD0045714A /* Shimmer.swift in Sources */ = {isa = PBXBuildFile; fileRef = 13B7F4C02D58FFDD0045714A /* Shimmer.swift */; };
		13C0E5EA2D5F85EA00E7F619 /* ContinueWatchingManager.swift in Sources */ = {isa = PBXBuildFile; fileRef = 13C0E5E92D5F85EA00E7F619 /* ContinueWatchingManager.swift */; };
		13C0E5EC2D5F85F800E7F619 /* ContinueWatchingItem.swift in Sources */ = {isa = PBXBuildFile; fileRef = 13C0E5EB2D5F85F800E7F619 /* ContinueWatchingItem.swift */; };
		13CBA0882D60F19C00EFE70A /* VTTSubtitlesLoader.swift in Sources */ = {isa = PBXBuildFile; fileRef = 13CBA0872D60F19C00EFE70A /* VTTSubtitlesLoader.swift */; };
		13CBEFDA2D5F7D1200D011EE /* String.swift in Sources */ = {isa = PBXBuildFile; fileRef = 13CBEFD92D5F7D1200D011EE /* String.swift */; };
		13D842552D45267500EBBFA6 /* DropManager.swift in Sources */ = {isa = PBXBuildFile; fileRef = 13D842542D45267500EBBFA6 /* DropManager.swift */; };
		13D99CF72D4E73C300250A86 /* ModuleAdditionSettingsView.swift in Sources */ = {isa = PBXBuildFile; fileRef = 13D99CF62D4E73C300250A86 /* ModuleAdditionSettingsView.swift */; };
		13DB468D2D90093A008CBC03 /* Anilist-Login.swift in Sources */ = {isa = PBXBuildFile; fileRef = 13DB468B2D900939008CBC03 /* Anilist-Login.swift */; };
		13DB468E2D90093A008CBC03 /* Anilist-Token.swift in Sources */ = {isa = PBXBuildFile; fileRef = 13DB468C2D90093A008CBC03 /* Anilist-Token.swift */; };
		13DB46902D900A38008CBC03 /* URL.swift in Sources */ = {isa = PBXBuildFile; fileRef = 13DB468F2D900A38008CBC03 /* URL.swift */; };
		13DB46922D900BCE008CBC03 /* SettingsViewTrackers.swift in Sources */ = {isa = PBXBuildFile; fileRef = 13DB46912D900BCE008CBC03 /* SettingsViewTrackers.swift */; };
		13DB7CC32D7D99C0004371D3 /* SubtitleSettingsManager.swift in Sources */ = {isa = PBXBuildFile; fileRef = 13DB7CC22D7D99C0004371D3 /* SubtitleSettingsManager.swift */; };
		13DB7CEC2D7DED5D004371D3 /* DownloadManager.swift in Sources */ = {isa = PBXBuildFile; fileRef = 13DB7CEB2D7DED5D004371D3 /* DownloadManager.swift */; };
		13DC0C462D302C7500D0F966 /* VideoPlayer.swift in Sources */ = {isa = PBXBuildFile; fileRef = 13DC0C452D302C7500D0F966 /* VideoPlayer.swift */; };
		13EA2BD52D32D97400C1EBD7 /* CustomPlayer.swift in Sources */ = {isa = PBXBuildFile; fileRef = 13EA2BD12D32D97400C1EBD7 /* CustomPlayer.swift */; };
		13EA2BD62D32D97400C1EBD7 /* Double+Extension.swift in Sources */ = {isa = PBXBuildFile; fileRef = 13EA2BD32D32D97400C1EBD7 /* Double+Extension.swift */; };
		13EA2BD92D32D98400C1EBD7 /* NormalPlayer.swift in Sources */ = {isa = PBXBuildFile; fileRef = 13EA2BD82D32D98400C1EBD7 /* NormalPlayer.swift */; };
		1E9FF1D32D403E49008AC100 /* SettingsViewLoggerFilter.swift in Sources */ = {isa = PBXBuildFile; fileRef = 1E9FF1D22D403E42008AC100 /* SettingsViewLoggerFilter.swift */; };
		1EAC7A322D888BC50083984D /* MusicProgressSlider.swift in Sources */ = {isa = PBXBuildFile; fileRef = 1EAC7A312D888BC50083984D /* MusicProgressSlider.swift */; };
		1ED156202D949B1A00C11BCD /* CustomDNS.swift in Sources */ = {isa = PBXBuildFile; fileRef = 1ED1561F2D949B1A00C11BCD /* CustomDNS.swift */; };
		73D164D52D8B5B470011A360 /* JavaScriptCore+Extensions.swift in Sources */ = {isa = PBXBuildFile; fileRef = 73D164D42D8B5B340011A360 /* JavaScriptCore+Extensions.swift */; };
/* End PBXBuildFile section */

/* Begin PBXFileReference section */
		130217CB2D81C55E0011EFF5 /* DownloadView.swift */ = {isa = PBXFileReference; lastKnownFileType = sourcecode.swift; path = DownloadView.swift; sourceTree = "<group>"; };
		130C6BF82D53A4C200DC1432 /* Sora.entitlements */ = {isa = PBXFileReference; lastKnownFileType = text.plist.entitlements; path = Sora.entitlements; sourceTree = "<group>"; };
		130C6BF92D53AB1F00DC1432 /* SettingsViewData.swift */ = {isa = PBXFileReference; lastKnownFileType = sourcecode.swift; path = SettingsViewData.swift; sourceTree = "<group>"; };
		13103E882D58A39A000F0673 /* AniListItem.swift */ = {isa = PBXFileReference; lastKnownFileType = sourcecode.swift; path = AniListItem.swift; sourceTree = "<group>"; };
		13103E8A2D58E028000F0673 /* View.swift */ = {isa = PBXFileReference; lastKnownFileType = sourcecode.swift; path = View.swift; sourceTree = "<group>"; };
		13103E8D2D58E04A000F0673 /* SkeletonCell.swift */ = {isa = PBXFileReference; lastKnownFileType = sourcecode.swift; path = SkeletonCell.swift; sourceTree = "<group>"; };
		131845F82D47C62D00CA7A54 /* SettingsViewGeneral.swift */ = {isa = PBXFileReference; lastKnownFileType = sourcecode.swift; path = SettingsViewGeneral.swift; sourceTree = "<group>"; };
		1327FBA62D758CEA00FC6689 /* Analytics.swift */ = {isa = PBXFileReference; fileEncoding = 4; lastKnownFileType = sourcecode.swift; path = Analytics.swift; sourceTree = "<group>"; };
		1327FBA82D758DEA00FC6689 /* UIDevice+Model.swift */ = {isa = PBXFileReference; fileEncoding = 4; lastKnownFileType = sourcecode.swift; path = "UIDevice+Model.swift"; sourceTree = "<group>"; };
		1334FF4C2D786C93007E289F /* TMDB-Seasonal.swift */ = {isa = PBXFileReference; lastKnownFileType = sourcecode.swift; path = "TMDB-Seasonal.swift"; sourceTree = "<group>"; };
		1334FF4E2D786C9E007E289F /* TMDB-Trending.swift */ = {isa = PBXFileReference; lastKnownFileType = sourcecode.swift; path = "TMDB-Trending.swift"; sourceTree = "<group>"; };
		1334FF512D7871B7007E289F /* TMDBItem.swift */ = {isa = PBXFileReference; lastKnownFileType = sourcecode.swift; path = TMDBItem.swift; sourceTree = "<group>"; };
		1334FF532D787217007E289F /* TMDBRequest.swift */ = {isa = PBXFileReference; lastKnownFileType = sourcecode.swift; path = TMDBRequest.swift; sourceTree = "<group>"; };
		133D7C6A2D2BE2500075467E /* Sulfur.app */ = {isa = PBXFileReference; explicitFileType = wrapper.application; includeInIndex = 0; path = Sulfur.app; sourceTree = BUILT_PRODUCTS_DIR; };
		133D7C6D2D2BE2500075467E /* SoraApp.swift */ = {isa = PBXFileReference; lastKnownFileType = sourcecode.swift; path = SoraApp.swift; sourceTree = "<group>"; };
		133D7C6F2D2BE2500075467E /* ContentView.swift */ = {isa = PBXFileReference; lastKnownFileType = sourcecode.swift; path = ContentView.swift; sourceTree = "<group>"; };
		133D7C712D2BE2520075467E /* Assets.xcassets */ = {isa = PBXFileReference; lastKnownFileType = folder.assetcatalog; path = Assets.xcassets; sourceTree = "<group>"; };
		133D7C742D2BE2520075467E /* Preview Assets.xcassets */ = {isa = PBXFileReference; lastKnownFileType = folder.assetcatalog; path = "Preview Assets.xcassets"; sourceTree = "<group>"; };
		133D7C7C2D2BE2630075467E /* SearchView.swift */ = {isa = PBXFileReference; fileEncoding = 4; lastKnownFileType = sourcecode.swift; path = SearchView.swift; sourceTree = "<group>"; };
		133D7C7E2D2BE2630075467E /* LibraryView.swift */ = {isa = PBXFileReference; fileEncoding = 4; lastKnownFileType = sourcecode.swift; path = LibraryView.swift; sourceTree = "<group>"; };
		133D7C802D2BE2630075467E /* MediaInfoView.swift */ = {isa = PBXFileReference; fileEncoding = 4; lastKnownFileType = sourcecode.swift; path = MediaInfoView.swift; sourceTree = "<group>"; };
		133D7C822D2BE2630075467E /* SettingsView.swift */ = {isa = PBXFileReference; fileEncoding = 4; lastKnownFileType = sourcecode.swift; path = SettingsView.swift; sourceTree = "<group>"; };
		133D7C842D2BE2630075467E /* SettingsViewModule.swift */ = {isa = PBXFileReference; fileEncoding = 4; lastKnownFileType = sourcecode.swift; path = SettingsViewModule.swift; sourceTree = "<group>"; };
		133D7C872D2BE2640075467E /* URLSession.swift */ = {isa = PBXFileReference; fileEncoding = 4; lastKnownFileType = sourcecode.swift; path = URLSession.swift; sourceTree = "<group>"; };
		133D7C892D2BE2640075467E /* Modules.swift */ = {isa = PBXFileReference; fileEncoding = 4; lastKnownFileType = sourcecode.swift; path = Modules.swift; sourceTree = "<group>"; };
		133D7C8B2D2BE2640075467E /* JSController.swift */ = {isa = PBXFileReference; fileEncoding = 4; lastKnownFileType = sourcecode.swift; path = JSController.swift; sourceTree = "<group>"; };
		133F55BA2D33B55100E08EEA /* LibraryManager.swift */ = {isa = PBXFileReference; lastKnownFileType = sourcecode.swift; path = LibraryManager.swift; sourceTree = "<group>"; };
		1359ED132D76F49900C13034 /* finTopView.swift */ = {isa = PBXFileReference; lastKnownFileType = sourcecode.swift; path = finTopView.swift; sourceTree = "<group>"; };
		135CCBE12D4D1138008B9C0E /* SettingsViewPlayer.swift */ = {isa = PBXFileReference; lastKnownFileType = sourcecode.swift; path = SettingsViewPlayer.swift; sourceTree = "<group>"; };
		138AA1B62D2D66FD0021F9DF /* EpisodeCell.swift */ = {isa = PBXFileReference; fileEncoding = 4; lastKnownFileType = sourcecode.swift; path = EpisodeCell.swift; sourceTree = "<group>"; };
		138AA1B72D2D66FD0021F9DF /* CircularProgressBar.swift */ = {isa = PBXFileReference; fileEncoding = 4; lastKnownFileType = sourcecode.swift; path = CircularProgressBar.swift; sourceTree = "<group>"; };
		139935652D468C450065CEFF /* ModuleManager.swift */ = {isa = PBXFileReference; lastKnownFileType = sourcecode.swift; path = ModuleManager.swift; sourceTree = "<group>"; };
		1399FAD32D3AB38C00E97C31 /* SettingsViewLogger.swift */ = {isa = PBXFileReference; fileEncoding = 4; lastKnownFileType = sourcecode.swift; path = SettingsViewLogger.swift; sourceTree = "<group>"; };
		1399FAD52D3AB3DB00E97C31 /* Logger.swift */ = {isa = PBXFileReference; fileEncoding = 4; lastKnownFileType = sourcecode.swift; path = Logger.swift; sourceTree = "<group>"; };
		13B7F4C02D58FFDD0045714A /* Shimmer.swift */ = {isa = PBXFileReference; lastKnownFileType = sourcecode.swift; path = Shimmer.swift; sourceTree = "<group>"; };
		13C0E5E92D5F85EA00E7F619 /* ContinueWatchingManager.swift */ = {isa = PBXFileReference; lastKnownFileType = sourcecode.swift; path = ContinueWatchingManager.swift; sourceTree = "<group>"; };
		13C0E5EB2D5F85F800E7F619 /* ContinueWatchingItem.swift */ = {isa = PBXFileReference; lastKnownFileType = sourcecode.swift; path = ContinueWatchingItem.swift; sourceTree = "<group>"; };
		13CBA0872D60F19C00EFE70A /* VTTSubtitlesLoader.swift */ = {isa = PBXFileReference; lastKnownFileType = sourcecode.swift; path = VTTSubtitlesLoader.swift; sourceTree = "<group>"; };
		13CBEFD92D5F7D1200D011EE /* String.swift */ = {isa = PBXFileReference; lastKnownFileType = sourcecode.swift; path = String.swift; sourceTree = "<group>"; };
		13D842542D45267500EBBFA6 /* DropManager.swift */ = {isa = PBXFileReference; lastKnownFileType = sourcecode.swift; path = DropManager.swift; sourceTree = "<group>"; };
		13D99CF62D4E73C300250A86 /* ModuleAdditionSettingsView.swift */ = {isa = PBXFileReference; lastKnownFileType = sourcecode.swift; path = ModuleAdditionSettingsView.swift; sourceTree = "<group>"; };
		13DB468B2D900939008CBC03 /* Anilist-Login.swift */ = {isa = PBXFileReference; fileEncoding = 4; lastKnownFileType = sourcecode.swift; path = "Anilist-Login.swift"; sourceTree = "<group>"; };
		13DB468C2D90093A008CBC03 /* Anilist-Token.swift */ = {isa = PBXFileReference; fileEncoding = 4; lastKnownFileType = sourcecode.swift; path = "Anilist-Token.swift"; sourceTree = "<group>"; };
		13DB468F2D900A38008CBC03 /* URL.swift */ = {isa = PBXFileReference; lastKnownFileType = sourcecode.swift; path = URL.swift; sourceTree = "<group>"; };
		13DB46912D900BCE008CBC03 /* SettingsViewTrackers.swift */ = {isa = PBXFileReference; lastKnownFileType = sourcecode.swift; path = SettingsViewTrackers.swift; sourceTree = "<group>"; };
		13DB7CC22D7D99C0004371D3 /* SubtitleSettingsManager.swift */ = {isa = PBXFileReference; lastKnownFileType = sourcecode.swift; path = SubtitleSettingsManager.swift; sourceTree = "<group>"; };
		13DB7CEB2D7DED5D004371D3 /* DownloadManager.swift */ = {isa = PBXFileReference; lastKnownFileType = sourcecode.swift; path = DownloadManager.swift; sourceTree = "<group>"; };
		13DC0C412D2EC9BA00D0F966 /* Info.plist */ = {isa = PBXFileReference; lastKnownFileType = text.plist; path = Info.plist; sourceTree = "<group>"; };
		13DC0C452D302C7500D0F966 /* VideoPlayer.swift */ = {isa = PBXFileReference; lastKnownFileType = sourcecode.swift; path = VideoPlayer.swift; sourceTree = "<group>"; };
		13EA2BD12D32D97400C1EBD7 /* CustomPlayer.swift */ = {isa = PBXFileReference; fileEncoding = 4; lastKnownFileType = sourcecode.swift; path = CustomPlayer.swift; sourceTree = "<group>"; };
		13EA2BD32D32D97400C1EBD7 /* Double+Extension.swift */ = {isa = PBXFileReference; fileEncoding = 4; lastKnownFileType = sourcecode.swift; path = "Double+Extension.swift"; sourceTree = "<group>"; };
		13EA2BD82D32D98400C1EBD7 /* NormalPlayer.swift */ = {isa = PBXFileReference; fileEncoding = 4; lastKnownFileType = sourcecode.swift; path = NormalPlayer.swift; sourceTree = "<group>"; };
		1E9FF1D22D403E42008AC100 /* SettingsViewLoggerFilter.swift */ = {isa = PBXFileReference; lastKnownFileType = sourcecode.swift; path = SettingsViewLoggerFilter.swift; sourceTree = "<group>"; };
		1EAC7A312D888BC50083984D /* MusicProgressSlider.swift */ = {isa = PBXFileReference; lastKnownFileType = sourcecode.swift; path = MusicProgressSlider.swift; sourceTree = "<group>"; };
		1ED1561F2D949B1A00C11BCD /* CustomDNS.swift */ = {isa = PBXFileReference; lastKnownFileType = sourcecode.swift; path = CustomDNS.swift; sourceTree = "<group>"; };
		73D164D42D8B5B340011A360 /* JavaScriptCore+Extensions.swift */ = {isa = PBXFileReference; lastKnownFileType = sourcecode.swift; path = "JavaScriptCore+Extensions.swift"; sourceTree = "<group>"; };
/* End PBXFileReference section */

/* Begin PBXFrameworksBuildPhase section */
		133D7C672D2BE2500075467E /* Frameworks */ = {
			isa = PBXFrameworksBuildPhase;
			buildActionMask = 2147483647;
			files = (
			);
			runOnlyForDeploymentPostprocessing = 0;
		};
/* End PBXFrameworksBuildPhase section */

/* Begin PBXGroup section */
		13103E802D589D6C000F0673 /* Tracking Services */ = {
			isa = PBXGroup;
			children = (
				1334FF4A2D786C6D007E289F /* TMDB */,
				13103E812D589D77000F0673 /* AniList */,
			);
			path = "Tracking Services";
			sourceTree = "<group>";
		};
		13103E812D589D77000F0673 /* AniList */ = {
			isa = PBXGroup;
			children = (
				13DB468A2D900919008CBC03 /* Auth */,
				13103E872D58A392000F0673 /* Struct */,
			);
			path = AniList;
			sourceTree = "<group>";
		};
		13103E872D58A392000F0673 /* Struct */ = {
			isa = PBXGroup;
			children = (
				13103E882D58A39A000F0673 /* AniListItem.swift */,
			);
			path = Struct;
			sourceTree = "<group>";
		};
		13103E8C2D58E037000F0673 /* SkeletonCells */ = {
			isa = PBXGroup;
			children = (
				13103E8D2D58E04A000F0673 /* SkeletonCell.swift */,
				13B7F4C02D58FFDD0045714A /* Shimmer.swift */,
			);
			path = SkeletonCells;
			sourceTree = "<group>";
		};
		1327FBA52D758CEA00FC6689 /* Analytics */ = {
			isa = PBXGroup;
			children = (
				1327FBA62D758CEA00FC6689 /* Analytics.swift */,
			);
			path = Analytics;
			sourceTree = "<group>";
		};
		1334FF4A2D786C6D007E289F /* TMDB */ = {
			isa = PBXGroup;
			children = (
				1334FF502D7871A4007E289F /* Struct */,
				1334FF4B2D786C81007E289F /* HomePage */,
			);
			path = TMDB;
			sourceTree = "<group>";
		};
		1334FF4B2D786C81007E289F /* HomePage */ = {
			isa = PBXGroup;
			children = (
				1334FF4C2D786C93007E289F /* TMDB-Seasonal.swift */,
				1334FF4E2D786C9E007E289F /* TMDB-Trending.swift */,
			);
			path = HomePage;
			sourceTree = "<group>";
		};
		1334FF502D7871A4007E289F /* Struct */ = {
			isa = PBXGroup;
			children = (
				1334FF512D7871B7007E289F /* TMDBItem.swift */,
				1334FF532D787217007E289F /* TMDBRequest.swift */,
			);
			path = Struct;
			sourceTree = "<group>";
		};
		133D7C612D2BE2500075467E = {
			isa = PBXGroup;
			children = (
				133D7C6C2D2BE2500075467E /* Sora */,
				133D7C6B2D2BE2500075467E /* Products */,
			);
			sourceTree = "<group>";
		};
		133D7C6B2D2BE2500075467E /* Products */ = {
			isa = PBXGroup;
			children = (
				133D7C6A2D2BE2500075467E /* Sulfur.app */,
			);
			name = Products;
			sourceTree = "<group>";
		};
		133D7C6C2D2BE2500075467E /* Sora */ = {
			isa = PBXGroup;
			children = (
				130C6BF82D53A4C200DC1432 /* Sora.entitlements */,
				13DC0C412D2EC9BA00D0F966 /* Info.plist */,
				13103E802D589D6C000F0673 /* Tracking Services */,
				133D7C852D2BE2640075467E /* Utils */,
				133D7C7B2D2BE2630075467E /* Views */,
				133D7C6D2D2BE2500075467E /* SoraApp.swift */,
				133D7C6F2D2BE2500075467E /* ContentView.swift */,
				133D7C712D2BE2520075467E /* Assets.xcassets */,
				133D7C732D2BE2520075467E /* Preview Content */,
			);
			path = Sora;
			sourceTree = "<group>";
		};
		133D7C732D2BE2520075467E /* Preview Content */ = {
			isa = PBXGroup;
			children = (
				133D7C742D2BE2520075467E /* Preview Assets.xcassets */,
			);
			path = "Preview Content";
			sourceTree = "<group>";
		};
		133D7C7B2D2BE2630075467E /* Views */ = {
			isa = PBXGroup;
			children = (
				133D7C7F2D2BE2630075467E /* MediaInfoView */,
				1399FAD22D3AB34F00E97C31 /* SettingsView */,
				133F55B92D33B53E00E08EEA /* LibraryView */,
				133D7C7C2D2BE2630075467E /* SearchView.swift */,
				130217CB2D81C55E0011EFF5 /* DownloadView.swift */,
			);
			path = Views;
			sourceTree = "<group>";
		};
		133D7C7F2D2BE2630075467E /* MediaInfoView */ = {
			isa = PBXGroup;
			children = (
				138AA1B52D2D66EC0021F9DF /* EpisodeCell */,
				133D7C802D2BE2630075467E /* MediaInfoView.swift */,
			);
			path = MediaInfoView;
			sourceTree = "<group>";
		};
		133D7C832D2BE2630075467E /* SettingsSubViews */ = {
			isa = PBXGroup;
			children = (
				1E9FF1D22D403E42008AC100 /* SettingsViewLoggerFilter.swift */,
				1399FAD32D3AB38C00E97C31 /* SettingsViewLogger.swift */,
				133D7C842D2BE2630075467E /* SettingsViewModule.swift */,
				131845F82D47C62D00CA7A54 /* SettingsViewGeneral.swift */,
				135CCBE12D4D1138008B9C0E /* SettingsViewPlayer.swift */,
				130C6BF92D53AB1F00DC1432 /* SettingsViewData.swift */,
				13DB46912D900BCE008CBC03 /* SettingsViewTrackers.swift */,
			);
			path = SettingsSubViews;
			sourceTree = "<group>";
		};
		133D7C852D2BE2640075467E /* Utils */ = {
			isa = PBXGroup;
			children = (
				13DB7CEA2D7DED50004371D3 /* DownloadManager */,
				13C0E5E82D5F85DD00E7F619 /* ContinueWatching */,
				13103E8C2D58E037000F0673 /* SkeletonCells */,
				1ED1561E2D949AFB00C11BCD /* NetworkDNS */,
				13DC0C442D302C6A00D0F966 /* MediaPlayer */,
				133D7C862D2BE2640075467E /* Extensions */,
				1327FBA52D758CEA00FC6689 /* Analytics */,
				133D7C8A2D2BE2640075467E /* JSLoader */,
				133D7C882D2BE2640075467E /* Modules */,
				1399FAD12D3AB33D00E97C31 /* Logger */,
				13D842532D45266900EBBFA6 /* Drops */,
			);
			path = Utils;
			sourceTree = "<group>";
		};
		133D7C862D2BE2640075467E /* Extensions */ = {
			isa = PBXGroup;
			children = (
				73D164D42D8B5B340011A360 /* JavaScriptCore+Extensions.swift */,
				1327FBA82D758DEA00FC6689 /* UIDevice+Model.swift */,
				133D7C872D2BE2640075467E /* URLSession.swift */,
				1359ED132D76F49900C13034 /* finTopView.swift */,
				13CBEFD92D5F7D1200D011EE /* String.swift */,
				13103E8A2D58E028000F0673 /* View.swift */,
				13DB468F2D900A38008CBC03 /* URL.swift */,
			);
			path = Extensions;
			sourceTree = "<group>";
		};
		133D7C882D2BE2640075467E /* Modules */ = {
			isa = PBXGroup;
			children = (
				13D99CF62D4E73C300250A86 /* ModuleAdditionSettingsView.swift */,
				139935652D468C450065CEFF /* ModuleManager.swift */,
				133D7C892D2BE2640075467E /* Modules.swift */,
			);
			path = Modules;
			sourceTree = "<group>";
		};
		133D7C8A2D2BE2640075467E /* JSLoader */ = {
			isa = PBXGroup;
			children = (
				133D7C8B2D2BE2640075467E /* JSController.swift */,
			);
			path = JSLoader;
			sourceTree = "<group>";
		};
		133F55B92D33B53E00E08EEA /* LibraryView */ = {
			isa = PBXGroup;
			children = (
				133F55BA2D33B55100E08EEA /* LibraryManager.swift */,
				133D7C7E2D2BE2630075467E /* LibraryView.swift */,
			);
			path = LibraryView;
			sourceTree = "<group>";
		};
		1384DCDF2D89BE870094797A /* Helpers */ = {
			isa = PBXGroup;
			children = (
				13CBA0872D60F19C00EFE70A /* VTTSubtitlesLoader.swift */,
				13DB7CC22D7D99C0004371D3 /* SubtitleSettingsManager.swift */,
			);
			path = Helpers;
			sourceTree = "<group>";
		};
		138AA1B52D2D66EC0021F9DF /* EpisodeCell */ = {
			isa = PBXGroup;
			children = (
				138AA1B72D2D66FD0021F9DF /* CircularProgressBar.swift */,
				138AA1B62D2D66FD0021F9DF /* EpisodeCell.swift */,
			);
			path = EpisodeCell;
			sourceTree = "<group>";
		};
		1399FAD12D3AB33D00E97C31 /* Logger */ = {
			isa = PBXGroup;
			children = (
				1399FAD52D3AB3DB00E97C31 /* Logger.swift */,
			);
			path = Logger;
			sourceTree = "<group>";
		};
		1399FAD22D3AB34F00E97C31 /* SettingsView */ = {
			isa = PBXGroup;
			children = (
				133D7C832D2BE2630075467E /* SettingsSubViews */,
				133D7C822D2BE2630075467E /* SettingsView.swift */,
			);
			path = SettingsView;
			sourceTree = "<group>";
		};
		13C0E5E82D5F85DD00E7F619 /* ContinueWatching */ = {
			isa = PBXGroup;
			children = (
				13C0E5E92D5F85EA00E7F619 /* ContinueWatchingManager.swift */,
				13C0E5EB2D5F85F800E7F619 /* ContinueWatchingItem.swift */,
			);
			path = ContinueWatching;
			sourceTree = "<group>";
		};
		13D842532D45266900EBBFA6 /* Drops */ = {
			isa = PBXGroup;
			children = (
				13D842542D45267500EBBFA6 /* DropManager.swift */,
			);
			path = Drops;
			sourceTree = "<group>";
		};
		13DB468A2D900919008CBC03 /* Auth */ = {
			isa = PBXGroup;
			children = (
				13DB468B2D900939008CBC03 /* Anilist-Login.swift */,
				13DB468C2D90093A008CBC03 /* Anilist-Token.swift */,
			);
			path = Auth;
			sourceTree = "<group>";
		};
		13DB7CEA2D7DED50004371D3 /* DownloadManager */ = {
			isa = PBXGroup;
			children = (
				13DB7CEB2D7DED5D004371D3 /* DownloadManager.swift */,
			);
			path = DownloadManager;
			sourceTree = "<group>";
		};
		13DC0C442D302C6A00D0F966 /* MediaPlayer */ = {
			isa = PBXGroup;
			children = (
				13EA2BD02D32D97400C1EBD7 /* CustomPlayer */,
				13DC0C452D302C7500D0F966 /* VideoPlayer.swift */,
				13EA2BD82D32D98400C1EBD7 /* NormalPlayer.swift */,
			);
			path = MediaPlayer;
			sourceTree = "<group>";
		};
		13EA2BD02D32D97400C1EBD7 /* CustomPlayer */ = {
			isa = PBXGroup;
			children = (
				1384DCDF2D89BE870094797A /* Helpers */,
				13EA2BD22D32D97400C1EBD7 /* Components */,
				13EA2BD12D32D97400C1EBD7 /* CustomPlayer.swift */,
			);
			path = CustomPlayer;
			sourceTree = "<group>";
		};
		13EA2BD22D32D97400C1EBD7 /* Components */ = {
			isa = PBXGroup;
			children = (
				13EA2BD32D32D97400C1EBD7 /* Double+Extension.swift */,
				1EAC7A312D888BC50083984D /* MusicProgressSlider.swift */,
			);
			path = Components;
			sourceTree = "<group>";
		};
		1ED1561E2D949AFB00C11BCD /* NetworkDNS */ = {
			isa = PBXGroup;
			children = (
				1ED1561F2D949B1A00C11BCD /* CustomDNS.swift */,
			);
			path = NetworkDNS;
			sourceTree = "<group>";
		};
/* End PBXGroup section */

/* Begin PBXNativeTarget section */
		133D7C692D2BE2500075467E /* Sulfur */ = {
			isa = PBXNativeTarget;
			buildConfigurationList = 133D7C782D2BE2520075467E /* Build configuration list for PBXNativeTarget "Sulfur" */;
			buildPhases = (
				133D7C662D2BE2500075467E /* Sources */,
				133D7C672D2BE2500075467E /* Frameworks */,
				133D7C682D2BE2500075467E /* Resources */,
			);
			buildRules = (
			);
			dependencies = (
			);
			name = Sulfur;
			packageProductDependencies = (
			);
			productName = Sora;
			productReference = 133D7C6A2D2BE2500075467E /* Sulfur.app */;
			productType = "com.apple.product-type.application";
		};
/* End PBXNativeTarget section */

/* Begin PBXProject section */
		133D7C622D2BE2500075467E /* Project object */ = {
			isa = PBXProject;
			attributes = {
				BuildIndependentTargetsInParallel = 1;
				LastSwiftUpdateCheck = 1320;
				LastUpgradeCheck = 1320;
				TargetAttributes = {
					133D7C692D2BE2500075467E = {
						CreatedOnToolsVersion = 13.2.1;
					};
				};
			};
			buildConfigurationList = 133D7C652D2BE2500075467E /* Build configuration list for PBXProject "Sulfur" */;
			compatibilityVersion = "Xcode 13.0";
			developmentRegion = en;
			hasScannedForEncodings = 0;
			knownRegions = (
				en,
			);
			mainGroup = 133D7C612D2BE2500075467E;
			packageReferences = (
			);
			productRefGroup = 133D7C6B2D2BE2500075467E /* Products */;
			projectDirPath = "";
			projectRoot = "";
			targets = (
				133D7C692D2BE2500075467E /* Sulfur */,
			);
		};
/* End PBXProject section */

/* Begin PBXResourcesBuildPhase section */
		133D7C682D2BE2500075467E /* Resources */ = {
			isa = PBXResourcesBuildPhase;
			buildActionMask = 2147483647;
			files = (
				133D7C752D2BE2520075467E /* Preview Assets.xcassets in Resources */,
				133D7C722D2BE2520075467E /* Assets.xcassets in Resources */,
			);
			runOnlyForDeploymentPostprocessing = 0;
		};
/* End PBXResourcesBuildPhase section */

/* Begin PBXSourcesBuildPhase section */
		133D7C662D2BE2500075467E /* Sources */ = {
			isa = PBXSourcesBuildPhase;
			buildActionMask = 2147483647;
			files = (
				135CCBE22D4D1138008B9C0E /* SettingsViewPlayer.swift in Sources */,
				1327FBA72D758CEA00FC6689 /* Analytics.swift in Sources */,
				13DC0C462D302C7500D0F966 /* VideoPlayer.swift in Sources */,
				1359ED142D76F49900C13034 /* finTopView.swift in Sources */,
				1399FAD62D3AB3DB00E97C31 /* Logger.swift in Sources */,
				13B7F4C12D58FFDD0045714A /* Shimmer.swift in Sources */,
				139935662D468C450065CEFF /* ModuleManager.swift in Sources */,
				133D7C902D2BE2640075467E /* SettingsView.swift in Sources */,
				1334FF4F2D786C9E007E289F /* TMDB-Trending.swift in Sources */,
				13CBEFDA2D5F7D1200D011EE /* String.swift in Sources */,
				13DB46902D900A38008CBC03 /* URL.swift in Sources */,
				130C6BFA2D53AB1F00DC1432 /* SettingsViewData.swift in Sources */,
				1334FF542D787217007E289F /* TMDBRequest.swift in Sources */,
				1E9FF1D32D403E49008AC100 /* SettingsViewLoggerFilter.swift in Sources */,
				13EA2BD92D32D98400C1EBD7 /* NormalPlayer.swift in Sources */,
				133D7C932D2BE2640075467E /* Modules.swift in Sources */,
				13DB7CC32D7D99C0004371D3 /* SubtitleSettingsManager.swift in Sources */,
				133D7C702D2BE2500075467E /* ContentView.swift in Sources */,
				13DB7CEC2D7DED5D004371D3 /* DownloadManager.swift in Sources */,
				1334FF522D7871B7007E289F /* TMDBItem.swift in Sources */,
				13D99CF72D4E73C300250A86 /* ModuleAdditionSettingsView.swift in Sources */,
				13C0E5EC2D5F85F800E7F619 /* ContinueWatchingItem.swift in Sources */,
				13CBA0882D60F19C00EFE70A /* VTTSubtitlesLoader.swift in Sources */,
				13EA2BD62D32D97400C1EBD7 /* Double+Extension.swift in Sources */,
				133D7C8F2D2BE2640075467E /* MediaInfoView.swift in Sources */,
				13103E892D58A39A000F0673 /* AniListItem.swift in Sources */,
				131845F92D47C62D00CA7A54 /* SettingsViewGeneral.swift in Sources */,
				13103E8E2D58E04A000F0673 /* SkeletonCell.swift in Sources */,
				13D842552D45267500EBBFA6 /* DropManager.swift in Sources */,
				13103E8B2D58E028000F0673 /* View.swift in Sources */,
				1327FBA92D758DEA00FC6689 /* UIDevice+Model.swift in Sources */,
				138AA1B82D2D66FD0021F9DF /* EpisodeCell.swift in Sources */,
				133D7C8C2D2BE2640075467E /* SearchView.swift in Sources */,
				13DB468E2D90093A008CBC03 /* Anilist-Token.swift in Sources */,
				1EAC7A322D888BC50083984D /* MusicProgressSlider.swift in Sources */,
				133D7C942D2BE2640075467E /* JSController.swift in Sources */,
				133D7C922D2BE2640075467E /* URLSession.swift in Sources */,
				133D7C912D2BE2640075467E /* SettingsViewModule.swift in Sources */,
				130217CC2D81C55E0011EFF5 /* DownloadView.swift in Sources */,
				133F55BB2D33B55100E08EEA /* LibraryManager.swift in Sources */,
				133D7C8E2D2BE2640075467E /* LibraryView.swift in Sources */,
				133D7C6E2D2BE2500075467E /* SoraApp.swift in Sources */,
				138AA1B92D2D66FD0021F9DF /* CircularProgressBar.swift in Sources */,
				1334FF4D2D786C93007E289F /* TMDB-Seasonal.swift in Sources */,
				13DB468D2D90093A008CBC03 /* Anilist-Login.swift in Sources */,
				73D164D52D8B5B470011A360 /* JavaScriptCore+Extensions.swift in Sources */,
				1ED156202D949B1A00C11BCD /* CustomDNS.swift in Sources */,
				13EA2BD52D32D97400C1EBD7 /* CustomPlayer.swift in Sources */,
				1399FAD42D3AB38C00E97C31 /* SettingsViewLogger.swift in Sources */,
				13DB46922D900BCE008CBC03 /* SettingsViewTrackers.swift in Sources */,
				13C0E5EA2D5F85EA00E7F619 /* ContinueWatchingManager.swift in Sources */,
			);
			runOnlyForDeploymentPostprocessing = 0;
		};
/* End PBXSourcesBuildPhase section */

/* Begin XCBuildConfiguration section */
		133D7C762D2BE2520075467E /* Debug */ = {
			isa = XCBuildConfiguration;
			buildSettings = {
				ALWAYS_SEARCH_USER_PATHS = NO;
				CLANG_ANALYZER_NONNULL = YES;
				CLANG_ANALYZER_NUMBER_OBJECT_CONVERSION = YES_AGGRESSIVE;
				CLANG_CXX_LANGUAGE_STANDARD = "gnu++17";
				CLANG_CXX_LIBRARY = "libc++";
				CLANG_ENABLE_MODULES = YES;
				CLANG_ENABLE_OBJC_ARC = YES;
				CLANG_ENABLE_OBJC_WEAK = YES;
				CLANG_WARN_BLOCK_CAPTURE_AUTORELEASING = YES;
				CLANG_WARN_BOOL_CONVERSION = YES;
				CLANG_WARN_COMMA = YES;
				CLANG_WARN_CONSTANT_CONVERSION = YES;
				CLANG_WARN_DEPRECATED_OBJC_IMPLEMENTATIONS = YES;
				CLANG_WARN_DIRECT_OBJC_ISA_USAGE = YES_ERROR;
				CLANG_WARN_DOCUMENTATION_COMMENTS = YES;
				CLANG_WARN_EMPTY_BODY = YES;
				CLANG_WARN_ENUM_CONVERSION = YES;
				CLANG_WARN_INFINITE_RECURSION = YES;
				CLANG_WARN_INT_CONVERSION = YES;
				CLANG_WARN_NON_LITERAL_NULL_CONVERSION = YES;
				CLANG_WARN_OBJC_IMPLICIT_RETAIN_SELF = YES;
				CLANG_WARN_OBJC_LITERAL_CONVERSION = YES;
				CLANG_WARN_OBJC_ROOT_CLASS = YES_ERROR;
				CLANG_WARN_QUOTED_INCLUDE_IN_FRAMEWORK_HEADER = YES;
				CLANG_WARN_RANGE_LOOP_ANALYSIS = YES;
				CLANG_WARN_STRICT_PROTOTYPES = YES;
				CLANG_WARN_SUSPICIOUS_MOVE = YES;
				CLANG_WARN_UNGUARDED_AVAILABILITY = YES_AGGRESSIVE;
				CLANG_WARN_UNREACHABLE_CODE = YES;
				CLANG_WARN__DUPLICATE_METHOD_MATCH = YES;
				COPY_PHASE_STRIP = NO;
				DEBUG_INFORMATION_FORMAT = dwarf;
				ENABLE_STRICT_OBJC_MSGSEND = YES;
				ENABLE_TESTABILITY = YES;
				GCC_C_LANGUAGE_STANDARD = gnu11;
				GCC_DYNAMIC_NO_PIC = NO;
				GCC_NO_COMMON_BLOCKS = YES;
				GCC_OPTIMIZATION_LEVEL = 0;
				GCC_PREPROCESSOR_DEFINITIONS = (
					"DEBUG=1",
					"$(inherited)",
				);
				GCC_WARN_64_TO_32_BIT_CONVERSION = YES;
				GCC_WARN_ABOUT_RETURN_TYPE = YES_ERROR;
				GCC_WARN_UNDECLARED_SELECTOR = YES;
				GCC_WARN_UNINITIALIZED_AUTOS = YES_AGGRESSIVE;
				GCC_WARN_UNUSED_FUNCTION = YES;
				GCC_WARN_UNUSED_VARIABLE = YES;
				IPHONEOS_DEPLOYMENT_TARGET = 15.0;
				MTL_ENABLE_DEBUG_INFO = INCLUDE_SOURCE;
				MTL_FAST_MATH = YES;
				ONLY_ACTIVE_ARCH = YES;
				SDKROOT = iphoneos;
				SWIFT_ACTIVE_COMPILATION_CONDITIONS = DEBUG;
				SWIFT_EMIT_LOC_STRINGS = YES;
				SWIFT_OPTIMIZATION_LEVEL = "-Onone";
			};
			name = Debug;
		};
		133D7C772D2BE2520075467E /* Release */ = {
			isa = XCBuildConfiguration;
			buildSettings = {
				ALWAYS_SEARCH_USER_PATHS = NO;
				CLANG_ANALYZER_NONNULL = YES;
				CLANG_ANALYZER_NUMBER_OBJECT_CONVERSION = YES_AGGRESSIVE;
				CLANG_CXX_LANGUAGE_STANDARD = "gnu++17";
				CLANG_CXX_LIBRARY = "libc++";
				CLANG_ENABLE_MODULES = YES;
				CLANG_ENABLE_OBJC_ARC = YES;
				CLANG_ENABLE_OBJC_WEAK = YES;
				CLANG_WARN_BLOCK_CAPTURE_AUTORELEASING = YES;
				CLANG_WARN_BOOL_CONVERSION = YES;
				CLANG_WARN_COMMA = YES;
				CLANG_WARN_CONSTANT_CONVERSION = YES;
				CLANG_WARN_DEPRECATED_OBJC_IMPLEMENTATIONS = YES;
				CLANG_WARN_DIRECT_OBJC_ISA_USAGE = YES_ERROR;
				CLANG_WARN_DOCUMENTATION_COMMENTS = YES;
				CLANG_WARN_EMPTY_BODY = YES;
				CLANG_WARN_ENUM_CONVERSION = YES;
				CLANG_WARN_INFINITE_RECURSION = YES;
				CLANG_WARN_INT_CONVERSION = YES;
				CLANG_WARN_NON_LITERAL_NULL_CONVERSION = YES;
				CLANG_WARN_OBJC_IMPLICIT_RETAIN_SELF = YES;
				CLANG_WARN_OBJC_LITERAL_CONVERSION = YES;
				CLANG_WARN_OBJC_ROOT_CLASS = YES_ERROR;
				CLANG_WARN_QUOTED_INCLUDE_IN_FRAMEWORK_HEADER = YES;
				CLANG_WARN_RANGE_LOOP_ANALYSIS = YES;
				CLANG_WARN_STRICT_PROTOTYPES = YES;
				CLANG_WARN_SUSPICIOUS_MOVE = YES;
				CLANG_WARN_UNGUARDED_AVAILABILITY = YES_AGGRESSIVE;
				CLANG_WARN_UNREACHABLE_CODE = YES;
				CLANG_WARN__DUPLICATE_METHOD_MATCH = YES;
				COPY_PHASE_STRIP = NO;
				DEBUG_INFORMATION_FORMAT = "dwarf-with-dsym";
				ENABLE_NS_ASSERTIONS = NO;
				ENABLE_STRICT_OBJC_MSGSEND = YES;
				GCC_C_LANGUAGE_STANDARD = gnu11;
				GCC_NO_COMMON_BLOCKS = YES;
				GCC_WARN_64_TO_32_BIT_CONVERSION = YES;
				GCC_WARN_ABOUT_RETURN_TYPE = YES_ERROR;
				GCC_WARN_UNDECLARED_SELECTOR = YES;
				GCC_WARN_UNINITIALIZED_AUTOS = YES_AGGRESSIVE;
				GCC_WARN_UNUSED_FUNCTION = YES;
				GCC_WARN_UNUSED_VARIABLE = YES;
				IPHONEOS_DEPLOYMENT_TARGET = 15.0;
				MTL_ENABLE_DEBUG_INFO = NO;
				MTL_FAST_MATH = YES;
				SDKROOT = iphoneos;
				SWIFT_COMPILATION_MODE = wholemodule;
				SWIFT_EMIT_LOC_STRINGS = YES;
				SWIFT_OPTIMIZATION_LEVEL = "-O";
				VALIDATE_PRODUCT = YES;
			};
			name = Release;
		};
		133D7C792D2BE2520075467E /* Debug */ = {
			isa = XCBuildConfiguration;
			buildSettings = {
				ASSETCATALOG_COMPILER_APPICON_NAME = AppIcon;
				ASSETCATALOG_COMPILER_GLOBAL_ACCENT_COLOR_NAME = AccentColor;
				CODE_SIGN_ENTITLEMENTS = Sora/Sora.entitlements;
				CODE_SIGN_IDENTITY = "Apple Development";
				"CODE_SIGN_IDENTITY[sdk=macosx*]" = "Apple Development";
				CODE_SIGN_STYLE = Automatic;
				CURRENT_PROJECT_VERSION = 1;
				DEVELOPMENT_ASSET_PATHS = "\"Sora/Preview Content\"";
				DEVELOPMENT_TEAM = 399LMK6Q2Y;
				"ENABLE_HARDENED_RUNTIME[sdk=macosx*]" = NO;
				ENABLE_PREVIEWS = YES;
				GENERATE_INFOPLIST_FILE = YES;
				INFOPLIST_FILE = Sora/Info.plist;
				INFOPLIST_KEY_CFBundleDisplayName = Sora;
				INFOPLIST_KEY_LSApplicationCategoryType = "public.app-category.entertainment";
				INFOPLIST_KEY_UIApplicationSceneManifest_Generation = YES;
				INFOPLIST_KEY_UIApplicationSupportsIndirectInputEvents = YES;
				INFOPLIST_KEY_UILaunchScreen_Generation = YES;
				INFOPLIST_KEY_UISupportedInterfaceOrientations = "UIInterfaceOrientationPortrait UIInterfaceOrientationPortraitUpsideDown UIInterfaceOrientationLandscapeLeft UIInterfaceOrientationLandscapeRight";
				INFOPLIST_KEY_UISupportedInterfaceOrientations_iPad = "UIInterfaceOrientationPortrait UIInterfaceOrientationPortraitUpsideDown UIInterfaceOrientationLandscapeLeft UIInterfaceOrientationLandscapeRight";
				INFOPLIST_KEY_UISupportedInterfaceOrientations_iPhone = "UIInterfaceOrientationPortrait UIInterfaceOrientationLandscapeLeft UIInterfaceOrientationLandscapeRight";
				INFOPLIST_KEY_UISupportsDocumentBrowser = YES;
				IPHONEOS_DEPLOYMENT_TARGET = 15.0;
				LD_RUNPATH_SEARCH_PATHS = (
					"$(inherited)",
					"@executable_path/Frameworks",
				);
				MARKETING_VERSION = 0.2.1;
				PRODUCT_BUNDLE_IDENTIFIER = me.cranci.sulfur;
				PRODUCT_NAME = "$(TARGET_NAME)";
				PROVISIONING_PROFILE_SPECIFIER = "";
				"PROVISIONING_PROFILE_SPECIFIER[sdk=macosx*]" = "";
				SUPPORTS_MACCATALYST = NO;
				SWIFT_EMIT_LOC_STRINGS = YES;
				SWIFT_VERSION = 5.0;
				TARGETED_DEVICE_FAMILY = "1,2";
			};
			name = Debug;
		};
		133D7C7A2D2BE2520075467E /* Release */ = {
			isa = XCBuildConfiguration;
			buildSettings = {
				ASSETCATALOG_COMPILER_APPICON_NAME = AppIcon;
				ASSETCATALOG_COMPILER_GLOBAL_ACCENT_COLOR_NAME = AccentColor;
				CODE_SIGN_ENTITLEMENTS = Sora/Sora.entitlements;
				CODE_SIGN_IDENTITY = "Apple Development";
				"CODE_SIGN_IDENTITY[sdk=macosx*]" = "Apple Development";
				CODE_SIGN_STYLE = Automatic;
				CURRENT_PROJECT_VERSION = 1;
				DEVELOPMENT_ASSET_PATHS = "\"Sora/Preview Content\"";
				DEVELOPMENT_TEAM = 399LMK6Q2Y;
				"ENABLE_HARDENED_RUNTIME[sdk=macosx*]" = NO;
				ENABLE_PREVIEWS = YES;
				GENERATE_INFOPLIST_FILE = YES;
				INFOPLIST_FILE = Sora/Info.plist;
				INFOPLIST_KEY_CFBundleDisplayName = Sora;
				INFOPLIST_KEY_LSApplicationCategoryType = "public.app-category.entertainment";
				INFOPLIST_KEY_UIApplicationSceneManifest_Generation = YES;
				INFOPLIST_KEY_UIApplicationSupportsIndirectInputEvents = YES;
				INFOPLIST_KEY_UILaunchScreen_Generation = YES;
				INFOPLIST_KEY_UISupportedInterfaceOrientations = "UIInterfaceOrientationPortrait UIInterfaceOrientationPortraitUpsideDown UIInterfaceOrientationLandscapeLeft UIInterfaceOrientationLandscapeRight";
				INFOPLIST_KEY_UISupportedInterfaceOrientations_iPad = "UIInterfaceOrientationPortrait UIInterfaceOrientationPortraitUpsideDown UIInterfaceOrientationLandscapeLeft UIInterfaceOrientationLandscapeRight";
				INFOPLIST_KEY_UISupportedInterfaceOrientations_iPhone = "UIInterfaceOrientationPortrait UIInterfaceOrientationLandscapeLeft UIInterfaceOrientationLandscapeRight";
				INFOPLIST_KEY_UISupportsDocumentBrowser = YES;
				IPHONEOS_DEPLOYMENT_TARGET = 15.0;
				LD_RUNPATH_SEARCH_PATHS = (
					"$(inherited)",
					"@executable_path/Frameworks",
				);
				MARKETING_VERSION = 0.2.1;
				PRODUCT_BUNDLE_IDENTIFIER = me.cranci.sulfur;
				PRODUCT_NAME = "$(TARGET_NAME)";
				PROVISIONING_PROFILE_SPECIFIER = "";
				"PROVISIONING_PROFILE_SPECIFIER[sdk=macosx*]" = "";
				SUPPORTS_MACCATALYST = NO;
				SWIFT_EMIT_LOC_STRINGS = YES;
				SWIFT_VERSION = 5.0;
				TARGETED_DEVICE_FAMILY = "1,2";
			};
			name = Release;
		};
/* End XCBuildConfiguration section */

/* Begin XCConfigurationList section */
		133D7C652D2BE2500075467E /* Build configuration list for PBXProject "Sulfur" */ = {
			isa = XCConfigurationList;
			buildConfigurations = (
				133D7C762D2BE2520075467E /* Debug */,
				133D7C772D2BE2520075467E /* Release */,
			);
			defaultConfigurationIsVisible = 0;
			defaultConfigurationName = Release;
		};
		133D7C782D2BE2520075467E /* Build configuration list for PBXNativeTarget "Sulfur" */ = {
			isa = XCConfigurationList;
			buildConfigurations = (
				133D7C792D2BE2520075467E /* Debug */,
				133D7C7A2D2BE2520075467E /* Release */,
			);
			defaultConfigurationIsVisible = 0;
			defaultConfigurationName = Release;
		};
/* End XCConfigurationList section */
	};
	rootObject = 133D7C622D2BE2500075467E /* Project object */;
}
