// !$*UTF8*$!
{
	archiveVersion = 1;
	classes = {
	};
	objectVersion = 55;
	objects = {

/* Begin PBXBuildFile section */
		133D7C6E2D2BE2500075467E /* SoraApp.swift in Sources */ = {isa = PBXBuildFile; fileRef = 133D7C6D2D2BE2500075467E /* SoraApp.swift */; };
		133D7C702D2BE2500075467E /* ContentView.swift in Sources */ = {isa = PBXBuildFile; fileRef = 133D7C6F2D2BE2500075467E /* ContentView.swift */; };
		133D7C722D2BE2520075467E /* Assets.xcassets in Resources */ = {isa = PBXBuildFile; fileRef = 133D7C712D2BE2520075467E /* Assets.xcassets */; };
		133D7C752D2BE2520075467E /* Preview Assets.xcassets in Resources */ = {isa = PBXBuildFile; fileRef = 133D7C742D2BE2520075467E /* Preview Assets.xcassets */; };
		133D7C8C2D2BE2640075467E /* SearchView.swift in Sources */ = {isa = PBXBuildFile; fileRef = 133D7C7C2D2BE2630075467E /* SearchView.swift */; };
		133D7C8D2D2BE2640075467E /* HomeView.swift in Sources */ = {isa = PBXBuildFile; fileRef = 133D7C7D2D2BE2630075467E /* HomeView.swift */; };
		133D7C8E2D2BE2640075467E /* LibraryView.swift in Sources */ = {isa = PBXBuildFile; fileRef = 133D7C7E2D2BE2630075467E /* LibraryView.swift */; };
		133D7C8F2D2BE2640075467E /* MediaInfoView.swift in Sources */ = {isa = PBXBuildFile; fileRef = 133D7C802D2BE2630075467E /* MediaInfoView.swift */; };
		133D7C902D2BE2640075467E /* SettingsView.swift in Sources */ = {isa = PBXBuildFile; fileRef = 133D7C822D2BE2630075467E /* SettingsView.swift */; };
		133D7C912D2BE2640075467E /* SettingsViewModule.swift in Sources */ = {isa = PBXBuildFile; fileRef = 133D7C842D2BE2630075467E /* SettingsViewModule.swift */; };
		133D7C922D2BE2640075467E /* URLSession.swift in Sources */ = {isa = PBXBuildFile; fileRef = 133D7C872D2BE2640075467E /* URLSession.swift */; };
		133D7C932D2BE2640075467E /* Modules.swift in Sources */ = {isa = PBXBuildFile; fileRef = 133D7C892D2BE2640075467E /* Modules.swift */; };
		133D7C942D2BE2640075467E /* JSController.swift in Sources */ = {isa = PBXBuildFile; fileRef = 133D7C8B2D2BE2640075467E /* JSController.swift */; };
		133D7C972D2BE2AF0075467E /* Kingfisher in Frameworks */ = {isa = PBXBuildFile; productRef = 133D7C962D2BE2AF0075467E /* Kingfisher */; };
		138AA1B82D2D66FD0021F9DF /* EpisodeCell.swift in Sources */ = {isa = PBXBuildFile; fileRef = 138AA1B62D2D66FD0021F9DF /* EpisodeCell.swift */; };
		138AA1B92D2D66FD0021F9DF /* CircularProgressBar.swift in Sources */ = {isa = PBXBuildFile; fileRef = 138AA1B72D2D66FD0021F9DF /* CircularProgressBar.swift */; };
		13DC0C462D302C7500D0F966 /* VideoPlayer.swift in Sources */ = {isa = PBXBuildFile; fileRef = 13DC0C452D302C7500D0F966 /* VideoPlayer.swift */; };
/* End PBXBuildFile section */

/* Begin PBXFileReference section */
		133D7C6A2D2BE2500075467E /* Sora.app */ = {isa = PBXFileReference; explicitFileType = wrapper.application; includeInIndex = 0; path = Sora.app; sourceTree = BUILT_PRODUCTS_DIR; };
		133D7C6D2D2BE2500075467E /* SoraApp.swift */ = {isa = PBXFileReference; lastKnownFileType = sourcecode.swift; path = SoraApp.swift; sourceTree = "<group>"; };
		133D7C6F2D2BE2500075467E /* ContentView.swift */ = {isa = PBXFileReference; lastKnownFileType = sourcecode.swift; path = ContentView.swift; sourceTree = "<group>"; };
		133D7C712D2BE2520075467E /* Assets.xcassets */ = {isa = PBXFileReference; lastKnownFileType = folder.assetcatalog; path = Assets.xcassets; sourceTree = "<group>"; };
		133D7C742D2BE2520075467E /* Preview Assets.xcassets */ = {isa = PBXFileReference; lastKnownFileType = folder.assetcatalog; path = "Preview Assets.xcassets"; sourceTree = "<group>"; };
		133D7C7C2D2BE2630075467E /* SearchView.swift */ = {isa = PBXFileReference; fileEncoding = 4; lastKnownFileType = sourcecode.swift; path = SearchView.swift; sourceTree = "<group>"; };
		133D7C7D2D2BE2630075467E /* HomeView.swift */ = {isa = PBXFileReference; fileEncoding = 4; lastKnownFileType = sourcecode.swift; path = HomeView.swift; sourceTree = "<group>"; };
		133D7C7E2D2BE2630075467E /* LibraryView.swift */ = {isa = PBXFileReference; fileEncoding = 4; lastKnownFileType = sourcecode.swift; path = LibraryView.swift; sourceTree = "<group>"; };
		133D7C802D2BE2630075467E /* MediaInfoView.swift */ = {isa = PBXFileReference; fileEncoding = 4; lastKnownFileType = sourcecode.swift; path = MediaInfoView.swift; sourceTree = "<group>"; };
		133D7C822D2BE2630075467E /* SettingsView.swift */ = {isa = PBXFileReference; fileEncoding = 4; lastKnownFileType = sourcecode.swift; path = SettingsView.swift; sourceTree = "<group>"; };
		133D7C842D2BE2630075467E /* SettingsViewModule.swift */ = {isa = PBXFileReference; fileEncoding = 4; lastKnownFileType = sourcecode.swift; path = SettingsViewModule.swift; sourceTree = "<group>"; };
		133D7C872D2BE2640075467E /* URLSession.swift */ = {isa = PBXFileReference; fileEncoding = 4; lastKnownFileType = sourcecode.swift; path = URLSession.swift; sourceTree = "<group>"; };
		133D7C892D2BE2640075467E /* Modules.swift */ = {isa = PBXFileReference; fileEncoding = 4; lastKnownFileType = sourcecode.swift; path = Modules.swift; sourceTree = "<group>"; };
		133D7C8B2D2BE2640075467E /* JSController.swift */ = {isa = PBXFileReference; fileEncoding = 4; lastKnownFileType = sourcecode.swift; path = JSController.swift; sourceTree = "<group>"; };
		138AA1B62D2D66FD0021F9DF /* EpisodeCell.swift */ = {isa = PBXFileReference; fileEncoding = 4; lastKnownFileType = sourcecode.swift; path = EpisodeCell.swift; sourceTree = "<group>"; };
		138AA1B72D2D66FD0021F9DF /* CircularProgressBar.swift */ = {isa = PBXFileReference; fileEncoding = 4; lastKnownFileType = sourcecode.swift; path = CircularProgressBar.swift; sourceTree = "<group>"; };
		13DC0C412D2EC9BA00D0F966 /* Info.plist */ = {isa = PBXFileReference; lastKnownFileType = text.plist; path = Info.plist; sourceTree = "<group>"; };
		13DC0C452D302C7500D0F966 /* VideoPlayer.swift */ = {isa = PBXFileReference; lastKnownFileType = sourcecode.swift; path = VideoPlayer.swift; sourceTree = "<group>"; };
/* End PBXFileReference section */

/* Begin PBXFrameworksBuildPhase section */
		133D7C672D2BE2500075467E /* Frameworks */ = {
			isa = PBXFrameworksBuildPhase;
			buildActionMask = 2147483647;
			files = (
				133D7C972D2BE2AF0075467E /* Kingfisher in Frameworks */,
			);
			runOnlyForDeploymentPostprocessing = 0;
		};
/* End PBXFrameworksBuildPhase section */

/* Begin PBXGroup section */
		133D7C612D2BE2500075467E = {
			isa = PBXGroup;
			children = (
				133D7C6C2D2BE2500075467E /* Sora */,
				133D7C6B2D2BE2500075467E /* Products */,
			);
			sourceTree = "<group>";
		};
		133D7C6B2D2BE2500075467E /* Products */ = {
			isa = PBXGroup;
			children = (
				133D7C6A2D2BE2500075467E /* Sora.app */,
			);
			name = Products;
			sourceTree = "<group>";
		};
		133D7C6C2D2BE2500075467E /* Sora */ = {
			isa = PBXGroup;
			children = (
				13DC0C442D302C6A00D0F966 /* MediaPlayer */,
				13DC0C412D2EC9BA00D0F966 /* Info.plist */,
				133D7C852D2BE2640075467E /* Utils */,
				133D7C7B2D2BE2630075467E /* Views */,
				133D7C6D2D2BE2500075467E /* SoraApp.swift */,
				133D7C6F2D2BE2500075467E /* ContentView.swift */,
				133D7C712D2BE2520075467E /* Assets.xcassets */,
				133D7C732D2BE2520075467E /* Preview Content */,
			);
			path = Sora;
			sourceTree = "<group>";
		};
		133D7C732D2BE2520075467E /* Preview Content */ = {
			isa = PBXGroup;
			children = (
				133D7C742D2BE2520075467E /* Preview Assets.xcassets */,
			);
			path = "Preview Content";
			sourceTree = "<group>";
		};
		133D7C7B2D2BE2630075467E /* Views */ = {
			isa = PBXGroup;
			children = (
				133D7C832D2BE2630075467E /* SettingsSubViews */,
				133D7C7F2D2BE2630075467E /* MediaInfoView */,
				133D7C7D2D2BE2630075467E /* HomeView.swift */,
				133D7C7E2D2BE2630075467E /* LibraryView.swift */,
				133D7C7C2D2BE2630075467E /* SearchView.swift */,
				133D7C822D2BE2630075467E /* SettingsView.swift */,
			);
			path = Views;
			sourceTree = "<group>";
		};
		133D7C7F2D2BE2630075467E /* MediaInfoView */ = {
			isa = PBXGroup;
			children = (
				138AA1B52D2D66EC0021F9DF /* EpisodeCell */,
				133D7C802D2BE2630075467E /* MediaInfoView.swift */,
			);
			path = MediaInfoView;
			sourceTree = "<group>";
		};
		133D7C832D2BE2630075467E /* SettingsSubViews */ = {
			isa = PBXGroup;
			children = (
				133D7C842D2BE2630075467E /* SettingsViewModule.swift */,
			);
			path = SettingsSubViews;
			sourceTree = "<group>";
		};
		133D7C852D2BE2640075467E /* Utils */ = {
			isa = PBXGroup;
			children = (
				133D7C862D2BE2640075467E /* Extensions */,
				133D7C882D2BE2640075467E /* Modules */,
				133D7C8A2D2BE2640075467E /* Loaders */,
			);
			path = Utils;
			sourceTree = "<group>";
		};
		133D7C862D2BE2640075467E /* Extensions */ = {
			isa = PBXGroup;
			children = (
				133D7C872D2BE2640075467E /* URLSession.swift */,
			);
			path = Extensions;
			sourceTree = "<group>";
		};
		133D7C882D2BE2640075467E /* Modules */ = {
			isa = PBXGroup;
			children = (
				133D7C892D2BE2640075467E /* Modules.swift */,
			);
			path = Modules;
			sourceTree = "<group>";
		};
		133D7C8A2D2BE2640075467E /* Loaders */ = {
			isa = PBXGroup;
			children = (
				133D7C8B2D2BE2640075467E /* JSController.swift */,
			);
			path = Loaders;
			sourceTree = "<group>";
		};
		138AA1B52D2D66EC0021F9DF /* EpisodeCell */ = {
			isa = PBXGroup;
			children = (
				138AA1B72D2D66FD0021F9DF /* CircularProgressBar.swift */,
				138AA1B62D2D66FD0021F9DF /* EpisodeCell.swift */,
			);
			path = EpisodeCell;
			sourceTree = "<group>";
		};
		13DC0C442D302C6A00D0F966 /* MediaPlayer */ = {
			isa = PBXGroup;
			children = (
				13DC0C452D302C7500D0F966 /* VideoPlayer.swift */,
			);
			path = MediaPlayer;
			sourceTree = "<group>";
		};
/* End PBXGroup section */

/* Begin PBXNativeTarget section */
		133D7C692D2BE2500075467E /* Sora */ = {
			isa = PBXNativeTarget;
			buildConfigurationList = 133D7C782D2BE2520075467E /* Build configuration list for PBXNativeTarget "Sora" */;
			buildPhases = (
				133D7C662D2BE2500075467E /* Sources */,
				133D7C672D2BE2500075467E /* Frameworks */,
				133D7C682D2BE2500075467E /* Resources */,
			);
			buildRules = (
			);
			dependencies = (
			);
			name = Sora;
			packageProductDependencies = (
				133D7C962D2BE2AF0075467E /* Kingfisher */,
			);
			productName = Sora;
			productReference = 133D7C6A2D2BE2500075467E /* Sora.app */;
			productType = "com.apple.product-type.application";
		};
/* End PBXNativeTarget section */

/* Begin PBXProject section */
		133D7C622D2BE2500075467E /* Project object */ = {
			isa = PBXProject;
			attributes = {
				BuildIndependentTargetsInParallel = 1;
				LastSwiftUpdateCheck = 1320;
				LastUpgradeCheck = 1320;
				TargetAttributes = {
					133D7C692D2BE2500075467E = {
						CreatedOnToolsVersion = 13.2.1;
					};
				};
			};
			buildConfigurationList = 133D7C652D2BE2500075467E /* Build configuration list for PBXProject "Sora" */;
			compatibilityVersion = "Xcode 13.0";
			developmentRegion = en;
			hasScannedForEncodings = 0;
			knownRegions = (
				en,
				Base,
			);
			mainGroup = 133D7C612D2BE2500075467E;
			packageReferences = (
				133D7C952D2BE2AF0075467E /* XCRemoteSwiftPackageReference "Kingfisher" */,
			);
			productRefGroup = 133D7C6B2D2BE2500075467E /* Products */;
			projectDirPath = "";
			projectRoot = "";
			targets = (
				133D7C692D2BE2500075467E /* Sora */,
			);
		};
/* End PBXProject section */

/* Begin PBXResourcesBuildPhase section */
		133D7C682D2BE2500075467E /* Resources */ = {
			isa = PBXResourcesBuildPhase;
			buildActionMask = 2147483647;
			files = (
				133D7C752D2BE2520075467E /* Preview Assets.xcassets in Resources */,
				133D7C722D2BE2520075467E /* Assets.xcassets in Resources */,
			);
			runOnlyForDeploymentPostprocessing = 0;
		};
/* End PBXResourcesBuildPhase section */

/* Begin PBXSourcesBuildPhase section */
		133D7C662D2BE2500075467E /* Sources */ = {
			isa = PBXSourcesBuildPhase;
			buildActionMask = 2147483647;
			files = (
				13DC0C462D302C7500D0F966 /* VideoPlayer.swift in Sources */,
				133D7C902D2BE2640075467E /* SettingsView.swift in Sources */,
				133D7C932D2BE2640075467E /* Modules.swift in Sources */,
				133D7C702D2BE2500075467E /* ContentView.swift in Sources */,
				133D7C8F2D2BE2640075467E /* MediaInfoView.swift in Sources */,
				133D7C8D2D2BE2640075467E /* HomeView.swift in Sources */,
				138AA1B82D2D66FD0021F9DF /* EpisodeCell.swift in Sources */,
				133D7C8C2D2BE2640075467E /* SearchView.swift in Sources */,
				133D7C942D2BE2640075467E /* JSController.swift in Sources */,
				133D7C922D2BE2640075467E /* URLSession.swift in Sources */,
				133D7C912D2BE2640075467E /* SettingsViewModule.swift in Sources */,
				133D7C8E2D2BE2640075467E /* LibraryView.swift in Sources */,
				133D7C6E2D2BE2500075467E /* SoraApp.swift in Sources */,
				138AA1B92D2D66FD0021F9DF /* CircularProgressBar.swift in Sources */,
			);
			runOnlyForDeploymentPostprocessing = 0;
		};
/* End PBXSourcesBuildPhase section */

/* Begin XCBuildConfiguration section */
		133D7C762D2BE2520075467E /* Debug */ = {
			isa = XCBuildConfiguration;
			buildSettings = {
				ALWAYS_SEARCH_USER_PATHS = NO;
				CLANG_ANALYZER_NONNULL = YES;
				CLANG_ANALYZER_NUMBER_OBJECT_CONVERSION = YES_AGGRESSIVE;
				CLANG_CXX_LANGUAGE_STANDARD = "gnu++17";
				CLANG_CXX_LIBRARY = "libc++";
				CLANG_ENABLE_MODULES = YES;
				CLANG_ENABLE_OBJC_ARC = YES;
				CLANG_ENABLE_OBJC_WEAK = YES;
				CLANG_WARN_BLOCK_CAPTURE_AUTORELEASING = YES;
				CLANG_WARN_BOOL_CONVERSION = YES;
				CLANG_WARN_COMMA = YES;
				CLANG_WARN_CONSTANT_CONVERSION = YES;
				CLANG_WARN_DEPRECATED_OBJC_IMPLEMENTATIONS = YES;
				CLANG_WARN_DIRECT_OBJC_ISA_USAGE = YES_ERROR;
				CLANG_WARN_DOCUMENTATION_COMMENTS = YES;
				CLANG_WARN_EMPTY_BODY = YES;
				CLANG_WARN_ENUM_CONVERSION = YES;
				CLANG_WARN_INFINITE_RECURSION = YES;
				CLANG_WARN_INT_CONVERSION = YES;
				CLANG_WARN_NON_LITERAL_NULL_CONVERSION = YES;
				CLANG_WARN_OBJC_IMPLICIT_RETAIN_SELF = YES;
				CLANG_WARN_OBJC_LITERAL_CONVERSION = YES;
				CLANG_WARN_OBJC_ROOT_CLASS = YES_ERROR;
				CLANG_WARN_QUOTED_INCLUDE_IN_FRAMEWORK_HEADER = YES;
				CLANG_WARN_RANGE_LOOP_ANALYSIS = YES;
				CLANG_WARN_STRICT_PROTOTYPES = YES;
				CLANG_WARN_SUSPICIOUS_MOVE = YES;
				CLANG_WARN_UNGUARDED_AVAILABILITY = YES_AGGRESSIVE;
				CLANG_WARN_UNREACHABLE_CODE = YES;
				CLANG_WARN__DUPLICATE_METHOD_MATCH = YES;
				COPY_PHASE_STRIP = NO;
				DEBUG_INFORMATION_FORMAT = dwarf;
				ENABLE_STRICT_OBJC_MSGSEND = YES;
				ENABLE_TESTABILITY = YES;
				GCC_C_LANGUAGE_STANDARD = gnu11;
				GCC_DYNAMIC_NO_PIC = NO;
				GCC_NO_COMMON_BLOCKS = YES;
				GCC_OPTIMIZATION_LEVEL = 0;
				GCC_PREPROCESSOR_DEFINITIONS = (
					"DEBUG=1",
					"$(inherited)",
				);
				GCC_WARN_64_TO_32_BIT_CONVERSION = YES;
				GCC_WARN_ABOUT_RETURN_TYPE = YES_ERROR;
				GCC_WARN_UNDECLARED_SELECTOR = YES;
				GCC_WARN_UNINITIALIZED_AUTOS = YES_AGGRESSIVE;
				GCC_WARN_UNUSED_FUNCTION = YES;
				GCC_WARN_UNUSED_VARIABLE = YES;
				IPHONEOS_DEPLOYMENT_TARGET = 15.0;
				MTL_ENABLE_DEBUG_INFO = INCLUDE_SOURCE;
				MTL_FAST_MATH = YES;
				ONLY_ACTIVE_ARCH = YES;
				SDKROOT = iphoneos;
				SWIFT_ACTIVE_COMPILATION_CONDITIONS = DEBUG;
				SWIFT_OPTIMIZATION_LEVEL = "-Onone";
			};
			name = Debug;
		};
		133D7C772D2BE2520075467E /* Release */ = {
			isa = XCBuildConfiguration;
			buildSettings = {
				ALWAYS_SEARCH_USER_PATHS = NO;
				CLANG_ANALYZER_NONNULL = YES;
				CLANG_ANALYZER_NUMBER_OBJECT_CONVERSION = YES_AGGRESSIVE;
				CLANG_CXX_LANGUAGE_STANDARD = "gnu++17";
				CLANG_CXX_LIBRARY = "libc++";
				CLANG_ENABLE_MODULES = YES;
				CLANG_ENABLE_OBJC_ARC = YES;
				CLANG_ENABLE_OBJC_WEAK = YES;
				CLANG_WARN_BLOCK_CAPTURE_AUTORELEASING = YES;
				CLANG_WARN_BOOL_CONVERSION = YES;
				CLANG_WARN_COMMA = YES;
				CLANG_WARN_CONSTANT_CONVERSION = YES;
				CLANG_WARN_DEPRECATED_OBJC_IMPLEMENTATIONS = YES;
				CLANG_WARN_DIRECT_OBJC_ISA_USAGE = YES_ERROR;
				CLANG_WARN_DOCUMENTATION_COMMENTS = YES;
				CLANG_WARN_EMPTY_BODY = YES;
				CLANG_WARN_ENUM_CONVERSION = YES;
				CLANG_WARN_INFINITE_RECURSION = YES;
				CLANG_WARN_INT_CONVERSION = YES;
				CLANG_WARN_NON_LITERAL_NULL_CONVERSION = YES;
				CLANG_WARN_OBJC_IMPLICIT_RETAIN_SELF = YES;
				CLANG_WARN_OBJC_LITERAL_CONVERSION = YES;
				CLANG_WARN_OBJC_ROOT_CLASS = YES_ERROR;
				CLANG_WARN_QUOTED_INCLUDE_IN_FRAMEWORK_HEADER = YES;
				CLANG_WARN_RANGE_LOOP_ANALYSIS = YES;
				CLANG_WARN_STRICT_PROTOTYPES = YES;
				CLANG_WARN_SUSPICIOUS_MOVE = YES;
				CLANG_WARN_UNGUARDED_AVAILABILITY = YES_AGGRESSIVE;
				CLANG_WARN_UNREACHABLE_CODE = YES;
				CLANG_WARN__DUPLICATE_METHOD_MATCH = YES;
				COPY_PHASE_STRIP = NO;
				DEBUG_INFORMATION_FORMAT = "dwarf-with-dsym";
				ENABLE_NS_ASSERTIONS = NO;
				ENABLE_STRICT_OBJC_MSGSEND = YES;
				GCC_C_LANGUAGE_STANDARD = gnu11;
				GCC_NO_COMMON_BLOCKS = YES;
				GCC_WARN_64_TO_32_BIT_CONVERSION = YES;
				GCC_WARN_ABOUT_RETURN_TYPE = YES_ERROR;
				GCC_WARN_UNDECLARED_SELECTOR = YES;
				GCC_WARN_UNINITIALIZED_AUTOS = YES_AGGRESSIVE;
				GCC_WARN_UNUSED_FUNCTION = YES;
				GCC_WARN_UNUSED_VARIABLE = YES;
				IPHONEOS_DEPLOYMENT_TARGET = 15.0;
				MTL_ENABLE_DEBUG_INFO = NO;
				MTL_FAST_MATH = YES;
				SDKROOT = iphoneos;
				SWIFT_COMPILATION_MODE = wholemodule;
				SWIFT_OPTIMIZATION_LEVEL = "-O";
				VALIDATE_PRODUCT = YES;
			};
			name = Release;
		};
		133D7C792D2BE2520075467E /* Debug */ = {
			isa = XCBuildConfiguration;
			buildSettings = {
				ASSETCATALOG_COMPILER_APPICON_NAME = AppIcon;
				ASSETCATALOG_COMPILER_GLOBAL_ACCENT_COLOR_NAME = AccentColor;
				CODE_SIGN_STYLE = Automatic;
				CURRENT_PROJECT_VERSION = 1;
				DEVELOPMENT_ASSET_PATHS = "\"Sora/Preview Content\"";
				DEVELOPMENT_TEAM = 399LMK6Q2Y;
				ENABLE_PREVIEWS = YES;
				GENERATE_INFOPLIST_FILE = YES;
				INFOPLIST_FILE = Sora/Info.plist;
				INFOPLIST_KEY_UIApplicationSceneManifest_Generation = YES;
				INFOPLIST_KEY_UIApplicationSupportsIndirectInputEvents = YES;
				INFOPLIST_KEY_UILaunchScreen_Generation = YES;
				INFOPLIST_KEY_UISupportedInterfaceOrientations_iPad = "UIInterfaceOrientationPortrait UIInterfaceOrientationPortraitUpsideDown UIInterfaceOrientationLandscapeLeft UIInterfaceOrientationLandscapeRight";
				INFOPLIST_KEY_UISupportedInterfaceOrientations_iPhone = "UIInterfaceOrientationPortrait UIInterfaceOrientationLandscapeLeft UIInterfaceOrientationLandscapeRight";
				IPHONEOS_DEPLOYMENT_TARGET = 15.0;
				LD_RUNPATH_SEARCH_PATHS = (
					"$(inherited)",
					"@executable_path/Frameworks",
				);
				MARKETING_VERSION = 0.2.0;
				PRODUCT_BUNDLE_IDENTIFIER = me.cranci.Sora;
				PRODUCT_NAME = "$(TARGET_NAME)";
				SWIFT_EMIT_LOC_STRINGS = YES;
				SWIFT_VERSION = 5.0;
				TARGETED_DEVICE_FAMILY = "1,2";
			};
			name = Debug;
		};
		133D7C7A2D2BE2520075467E /* Release */ = {
			isa = XCBuildConfiguration;
			buildSettings = {
				ASSETCATALOG_COMPILER_APPICON_NAME = AppIcon;
				ASSETCATALOG_COMPILER_GLOBAL_ACCENT_COLOR_NAME = AccentColor;
				CODE_SIGN_STYLE = Automatic;
				CURRENT_PROJECT_VERSION = 1;
				DEVELOPMENT_ASSET_PATHS = "\"Sora/Preview Content\"";
				DEVELOPMENT_TEAM = 399LMK6Q2Y;
				ENABLE_PREVIEWS = YES;
				GENERATE_INFOPLIST_FILE = YES;
				INFOPLIST_FILE = Sora/Info.plist;
				INFOPLIST_KEY_UIApplicationSceneManifest_Generation = YES;
				INFOPLIST_KEY_UIApplicationSupportsIndirectInputEvents = YES;
				INFOPLIST_KEY_UILaunchScreen_Generation = YES;
				INFOPLIST_KEY_UISupportedInterfaceOrientations_iPad = "UIInterfaceOrientationPortrait UIInterfaceOrientationPortraitUpsideDown UIInterfaceOrientationLandscapeLeft UIInterfaceOrientationLandscapeRight";
				INFOPLIST_KEY_UISupportedInterfaceOrientations_iPhone = "UIInterfaceOrientationPortrait UIInterfaceOrientationLandscapeLeft UIInterfaceOrientationLandscapeRight";
				IPHONEOS_DEPLOYMENT_TARGET = 15.0;
				LD_RUNPATH_SEARCH_PATHS = (
					"$(inherited)",
					"@executable_path/Frameworks",
				);
				MARKETING_VERSION = 0.2.0;
				PRODUCT_BUNDLE_IDENTIFIER = me.cranci.Sora;
				PRODUCT_NAME = "$(TARGET_NAME)";
				SWIFT_EMIT_LOC_STRINGS = YES;
				SWIFT_VERSION = 5.0;
				TARGETED_DEVICE_FAMILY = "1,2";
			};
			name = Release;
		};
/* End XCBuildConfiguration section */

/* Begin XCConfigurationList section */
		133D7C652D2BE2500075467E /* Build configuration list for PBXProject "Sora" */ = {
			isa = XCConfigurationList;
			buildConfigurations = (
				133D7C762D2BE2520075467E /* Debug */,
				133D7C772D2BE2520075467E /* Release */,
			);
			defaultConfigurationIsVisible = 0;
			defaultConfigurationName = Release;
		};
		133D7C782D2BE2520075467E /* Build configuration list for PBXNativeTarget "Sora" */ = {
			isa = XCConfigurationList;
			buildConfigurations = (
				133D7C792D2BE2520075467E /* Debug */,
				133D7C7A2D2BE2520075467E /* Release */,
			);
			defaultConfigurationIsVisible = 0;
			defaultConfigurationName = Release;
		};
/* End XCConfigurationList section */

/* Begin XCRemoteSwiftPackageReference section */
		133D7C952D2BE2AF0075467E /* XCRemoteSwiftPackageReference "Kingfisher" */ = {
			isa = XCRemoteSwiftPackageReference;
			repositoryURL = "https://github.com/onevcat/Kingfisher.git";
			requirement = {
				kind = exactVersion;
				version = 7.9.1;
			};
		};
/* End XCRemoteSwiftPackageReference section */

/* Begin XCSwiftPackageProductDependency section */
		133D7C962D2BE2AF0075467E /* Kingfisher */ = {
			isa = XCSwiftPackageProductDependency;
			package = 133D7C952D2BE2AF0075467E /* XCRemoteSwiftPackageReference "Kingfisher" */;
			productName = Kingfisher;
		};
/* End XCSwiftPackageProductDependency section */
	};
	rootObject = 133D7C622D2BE2500075467E /* Project object */;
}
