{
  "object": {
    "pins": [
      {
        "package": "Drops",
        "repositoryURL": "https://github.com/omaralbeik/Drops.git",
        "state": {
          "branch": null,
          "revision": "a183ee6f79f21c940092a19c2cba756555422371",
          "version": "1.7.0"
        }
      },
      {
        "package": "Kingfisher",
        "repositoryURL": "https://github.com/onevcat/Kingfisher.git",
        "state": {
          "branch": null,
          "revision": "b6f62758f21a8c03cd64f4009c037cfa580a256e",
          "version": "7.9.1"
        }
      }
    ]
  },
  "version": 1
}
